
Microsoft Visual Studio Solution File, Format Version 12.00
Project("{FAE04EC0-301F-11D3-BF4B-00C04F79EFBC}") = "PointOfSale", "PointOfSale\PointOfSale.csproj", "{3AD36D06-14C0-426F-A126-43CCC3521DE3}"
EndProject
Project("{FAE04EC0-301F-11D3-BF4B-00C04F79EFBC}") = "PointOfSaleTest", "PointOfSaleTest\PointOfSaleTest.csproj", "{9B7C6DBD-C074-4890-AA68-03631A5935FB}"
EndProject
Global
	GlobalSection(SolutionConfigurationPlatforms) = preSolution
		Debug|Any CPU = Debug|Any CPU
		Release|Any CPU = Release|Any CPU
	EndGlobalSection
	GlobalSection(ProjectConfigurationPlatforms) = postSolution
		{3AD36D06-14C0-426F-A126-43CCC3521DE3}.Debug|Any CPU.ActiveCfg = Debug|Any CPU
		{3AD36D06-14C0-426F-A126-43CCC3521DE3}.Debug|Any CPU.Build.0 = Debug|Any CPU
		{3AD36D06-14C0-426F-A126-43CCC3521DE3}.Release|Any CPU.ActiveCfg = Release|Any CPU
		{3AD36D06-14C0-426F-A126-43CCC3521DE3}.Release|Any CPU.Build.0 = Release|Any CPU
		{9B7C6DBD-C074-4890-AA68-03631A5935FB}.Debug|Any CPU.ActiveCfg = Debug|Any CPU
		{9B7C6DBD-C074-4890-AA68-03631A5935FB}.Debug|Any CPU.Build.0 = Debug|Any CPU
		{9B7C6DBD-C074-4890-AA68-03631A5935FB}.Release|Any CPU.ActiveCfg = Release|Any CPU
		{9B7C6DBD-C074-4890-AA68-03631A5935FB}.Release|Any CPU.Build.0 = Release|Any CPU
	EndGlobalSection
EndGlobal
